// !$*UTF8*$!
{
	archiveVersion = 1;
	classes = {
	};
	objectVersion = 48;
	objects = {

/* Begin PBXBuildFile section */
		9BD869A12045511000EBAC32 /* AppDelegate.swift in Sources */ = {isa = PBXBuildFile; fileRef = 9BD869A02045511000EBAC32 /* AppDelegate.swift */; };
		9BD869A32045511000EBAC32 /* ViewController.swift in Sources */ = {isa = PBXBuildFile; fileRef = 9BD869A22045511000EBAC32 /* ViewController.swift */; };
		9BD869A62045511000EBAC32 /* Main.storyboard in Resources */ = {isa = PBXBuildFile; fileRef = 9BD869A42045511000EBAC32 /* Main.storyboard */; };
		9BD869A82045511000EBAC32 /* Assets.xcassets in Resources */ = {isa = PBXBuildFile; fileRef = 9BD869A72045511000EBAC32 /* Assets.xcassets */; };
		9BD869AB2045511000EBAC32 /* LaunchScreen.storyboard in Resources */ = {isa = PBXBuildFile; fileRef = 9BD869A92045511000EBAC32 /* LaunchScreen.storyboard */; };
		9BD869B62045511000EBAC32 /* day6Tests.swift in Sources */ = {isa = PBXBuildFile; fileRef = 9BD869B52045511000EBAC32 /* day6Tests.swift */; };
		9BD869C12045511000EBAC32 /* day6UITests.swift in Sources */ = {isa = PBXBuildFile; fileRef = 9BD869C02045511000EBAC32 /* day6UITests.swift */; };
		9BD869CF2045518A00EBAC32 /* cars.plist in Resources */ = {isa = PBXBuildFile; fileRef = 9BD869CE2045518A00EBAC32 /* cars.plist */; };
		9BD869D320455E1F00EBAC32 /* carstvcTableViewController.swift in Sources */ = {isa = PBXBuildFile; fileRef = 9BD869D220455E1F00EBAC32 /* carstvcTableViewController.swift */; };
/* End PBXBuildFile section */

/* Begin PBXContainerItemProxy section */
		9BD869B22045511000EBAC32 /* PBXContainerItemProxy */ = {
			isa = PBXContainerItemProxy;
			containerPortal = 9BD869952045511000EBAC32 /* Project object */;
			proxyType = 1;
			remoteGlobalIDString = 9BD8699C2045511000EBAC32;
			remoteInfo = day6;
		};
		9BD869BD2045511000EBAC32 /* PBXContainerItemProxy */ = {
			isa = PBXContainerItemProxy;
			containerPortal = 9BD869952045511000EBAC32 /* Project object */;
			proxyType = 1;
			remoteGlobalIDString = 9BD8699C2045511000EBAC32;
			remoteInfo = day6;
		};
/* End PBXContainerItemProxy section */

/* Begin PBXFileReference section */
		9BD8699D2045511000EBAC32 /* day6.app */ = {isa = PBXFileReference; explicitFileType = wrapper.application; includeInIndex = 0; path = day6.app; sourceTree = BUILT_PRODUCTS_DIR; };
		9BD869A02045511000EBAC32 /* AppDelegate.swift */ = {isa = PBXFileReference; lastKnownFileType = sourcecode.swift; path = AppDelegate.swift; sourceTree = "<group>"; };
		9BD869A22045511000EBAC32 /* ViewController.swift */ = {isa = PBXFileReference; lastKnownFileType = sourcecode.swift; path = ViewController.swift; sourceTree = "<group>"; };
		9BD869A52045511000EBAC32 /* Base */ = {isa = PBXFileReference; lastKnownFileType = file.storyboard; name = Base; path = Base.lproj/Main.storyboard; sourceTree = "<group>"; };
		9BD869A72045511000EBAC32 /* Assets.xcassets */ = {isa = PBXFileReference; lastKnownFileType = folder.assetcatalog; path = Assets.xcassets; sourceTree = "<group>"; };
		9BD869AA2045511000EBAC32 /* Base */ = {isa = PBXFileReference; lastKnownFileType = file.storyboard; name = Base; path = Base.lproj/LaunchScreen.storyboard; sourceTree = "<group>"; };
		9BD869AC2045511000EBAC32 /* Info.plist */ = {isa = PBXFileReference; lastKnownFileType = text.plist.xml; path = Info.plist; sourceTree = "<group>"; };
		9BD869B12045511000EBAC32 /* day6Tests.xctest */ = {isa = PBXFileReference; explicitFileType = wrapper.cfbundle; includeInIndex = 0; path = day6Tests.xctest; sourceTree = BUILT_PRODUCTS_DIR; };
		9BD869B52045511000EBAC32 /* day6Tests.swift */ = {isa = PBXFileReference; lastKnownFileType = sourcecode.swift; path = day6Tests.swift; sourceTree = "<group>"; };
		9BD869B72045511000EBAC32 /* Info.plist */ = {isa = PBXFileReference; lastKnownFileType = text.plist.xml; path = Info.plist; sourceTree = "<group>"; };
		9BD869BC2045511000EBAC32 /* day6UITests.xctest */ = {isa = PBXFileReference; explicitFileType = wrapper.cfbundle; includeInIndex = 0; path = day6UITests.xctest; sourceTree = BUILT_PRODUCTS_DIR; };
		9BD869C02045511000EBAC32 /* day6UITests.swift */ = {isa = PBXFileReference; lastKnownFileType = sourcecode.swift; path = day6UITests.swift; sourceTree = "<group>"; };
		9BD869C22045511000EBAC32 /* Info.plist */ = {isa = PBXFileReference; lastKnownFileType = text.plist.xml; path = Info.plist; sourceTree = "<group>"; };
		9BD869CE2045518A00EBAC32 /* cars.plist */ = {isa = PBXFileReference; lastKnownFileType = text.plist.xml; path = cars.plist; sourceTree = "<group>"; };
		9BD869D220455E1F00EBAC32 /* carstvcTableViewController.swift */ = {isa = PBXFileReference; lastKnownFileType = sourcecode.swift; path = carstvcTableViewController.swift; sourceTree = "<group>"; };
/* End PBXFileReference section */

/* Begin PBXFrameworksBuildPhase section */
		9BD8699A2045511000EBAC32 /* Frameworks */ = {
			isa = PBXFrameworksBuildPhase;
			buildActionMask = 2147483647;
			files = (
			);
			runOnlyForDeploymentPostprocessing = 0;
		};
		9BD869AE2045511000EBAC32 /* Frameworks */ = {
			isa = PBXFrameworksBuildPhase;
			buildActionMask = 2147483647;
			files = (
			);
			runOnlyForDeploymentPostprocessing = 0;
		};
		9BD869B92045511000EBAC32 /* Frameworks */ = {
			isa = PBXFrameworksBuildPhase;
			buildActionMask = 2147483647;
			files = (
			);
			runOnlyForDeploymentPostprocessing = 0;
		};
/* End PBXFrameworksBuildPhase section */

/* Begin PBXGroup section */
		9BD869942045511000EBAC32 = {
			isa = PBXGroup;
			children = (
				9BD8699F2045511000EBAC32 /* day6 */,
				9BD869B42045511000EBAC32 /* day6Tests */,
				9BD869BF2045511000EBAC32 /* day6UITests */,
				9BD8699E2045511000EBAC32 /* Products */,
			);
			sourceTree = "<group>";
		};
		9BD8699E2045511000EBAC32 /* Products */ = {
			isa = PBXGroup;
			children = (
				9BD8699D2045511000EBAC32 /* day6.app */,
				9BD869B12045511000EBAC32 /* day6Tests.xctest */,
				9BD869BC2045511000EBAC32 /* day6UITests.xctest */,
			);
			name = Products;
			sourceTree = "<group>";
		};
		9BD8699F2045511000EBAC32 /* day6 */ = {
			isa = PBXGroup;
			children = (
				9BD869A02045511000EBAC32 /* AppDelegate.swift */,
				9BD869A22045511000EBAC32 /* ViewController.swift */,
				9BD869A42045511000EBAC32 /* Main.storyboard */,
				9BD869A72045511000EBAC32 /* Assets.xcassets */,
				9BD869A92045511000EBAC32 /* LaunchScreen.storyboard */,
				9BD869AC2045511000EBAC32 /* Info.plist */,
				9BD869CE2045518A00EBAC32 /* cars.plist */,
				9BD869D220455E1F00EBAC32 /* carstvcTableViewController.swift */,
			);
			path = day6;
			sourceTree = "<group>";
		};
		9BD869B42045511000EBAC32 /* day6Tests */ = {
			isa = PBXGroup;
			children = (
				9BD869B52045511000EBAC32 /* day6Tests.swift */,
				9BD869B72045511000EBAC32 /* Info.plist */,
			);
			path = day6Tests;
			sourceTree = "<group>";
		};
		9BD869BF2045511000EBAC32 /* day6UITests */ = {
			isa = PBXGroup;
			children = (
				9BD869C02045511000EBAC32 /* day6UITests.swift */,
				9BD869C22045511000EBAC32 /* Info.plist */,
			);
			path = day6UITests;
			sourceTree = "<group>";
		};
/* End PBXGroup section */

/* Begin PBXNativeTarget section */
		9BD8699C2045511000EBAC32 /* day6 */ = {
			isa = PBXNativeTarget;
			buildConfigurationList = 9BD869C52045511000EBAC32 /* Build configuration list for PBXNativeTarget "day6" */;
			buildPhases = (
				9BD869992045511000EBAC32 /* Sources */,
				9BD8699A2045511000EBAC32 /* Frameworks */,
				9BD8699B2045511000EBAC32 /* Resources */,
			);
			buildRules = (
			);
			dependencies = (
			);
			name = day6;
			productName = day6;
			productReference = 9BD8699D2045511000EBAC32 /* day6.app */;
			productType = "com.apple.product-type.application";
		};
		9BD869B02045511000EBAC32 /* day6Tests */ = {
			isa = PBXNativeTarget;
			buildConfigurationList = 9BD869C82045511000EBAC32 /* Build configuration list for PBXNativeTarget "day6Tests" */;
			buildPhases = (
				9BD869AD2045511000EBAC32 /* Sources */,
				9BD869AE2045511000EBAC32 /* Frameworks */,
				9BD869AF2045511000EBAC32 /* Resources */,
			);
			buildRules = (
			);
			dependencies = (
				9BD869B32045511000EBAC32 /* PBXTargetDependency */,
			);
			name = day6Tests;
			productName = day6Tests;
			productReference = 9BD869B12045511000EBAC32 /* day6Tests.xctest */;
			productType = "com.apple.product-type.bundle.unit-test";
		};
		9BD869BB2045511000EBAC32 /* day6UITests */ = {
			isa = PBXNativeTarget;
			buildConfigurationList = 9BD869CB2045511000EBAC32 /* Build configuration list for PBXNativeTarget "day6UITests" */;
			buildPhases = (
				9BD869B82045511000EBAC32 /* Sources */,
				9BD869B92045511000EBAC32 /* Frameworks */,
				9BD869BA2045511000EBAC32 /* Resources */,
			);
			buildRules = (
			);
			dependencies = (
				9BD869BE2045511000EBAC32 /* PBXTargetDependency */,
			);
			name = day6UITests;
			productName = day6UITests;
			productReference = 9BD869BC2045511000EBAC32 /* day6UITests.xctest */;
			productType = "com.apple.product-type.bundle.ui-testing";
		};
/* End PBXNativeTarget section */

/* Begin PBXProject section */
		9BD869952045511000EBAC32 /* Project object */ = {
			isa = PBXProject;
			attributes = {
				LastSwiftUpdateCheck = 0920;
				LastUpgradeCheck = 0920;
				ORGANIZATIONNAME = MacStudent;
				TargetAttributes = {
					9BD8699C2045511000EBAC32 = {
						CreatedOnToolsVersion = 9.2;
						ProvisioningStyle = Automatic;
					};
					9BD869B02045511000EBAC32 = {
						CreatedOnToolsVersion = 9.2;
						ProvisioningStyle = Automatic;
						TestTargetID = 9BD8699C2045511000EBAC32;
					};
					9BD869BB2045511000EBAC32 = {
						CreatedOnToolsVersion = 9.2;
						ProvisioningStyle = Automatic;
						TestTargetID = 9BD8699C2045511000EBAC32;
					};
				};
			};
			buildConfigurationList = 9BD869982045511000EBAC32 /* Build configuration list for PBXProject "day6" */;
			compatibilityVersion = "Xcode 8.0";
			developmentRegion = en;
			hasScannedForEncodings = 0;
			knownRegions = (
				en,
				Base,
			);
			mainGroup = 9BD869942045511000EBAC32;
			productRefGroup = 9BD8699E2045511000EBAC32 /* Products */;
			projectDirPath = "";
			projectRoot = "";
			targets = (
				9BD8699C2045511000EBAC32 /* day6 */,
				9BD869B02045511000EBAC32 /* day6Tests */,
				9BD869BB2045511000EBAC32 /* day6UITests */,
			);
		};
/* End PBXProject section */

/* Begin PBXResourcesBuildPhase section */
		9BD8699B2045511000EBAC32 /* Resources */ = {
			isa = PBXResourcesBuildPhase;
			buildActionMask = 2147483647;
			files = (
				9BD869AB2045511000EBAC32 /* LaunchScreen.storyboard in Resources */,
				9BD869CF2045518A00EBAC32 /* cars.plist in Resources */,
				9BD869A82045511000EBAC32 /* Assets.xcassets in Resources */,
				9BD869A62045511000EBAC32 /* Main.storyboard in Resources */,
			);
			runOnlyForDeploymentPostprocessing = 0;
		};
		9BD869AF2045511000EBAC32 /* Resources */ = {
			isa = PBXResourcesBuildPhase;
			buildActionMask = 2147483647;
			files = (
			);
			runOnlyForDeploymentPostprocessing = 0;
		};
		9BD869BA2045511000EBAC32 /* Resources */ = {
			isa = PBXResourcesBuildPhase;
			buildActionMask = 2147483647;
			files = (
			);
			runOnlyForDeploymentPostprocessing = 0;
		};
/* End PBXResourcesBuildPhase section */

/* Begin PBXSourcesBuildPhase section */
		9BD869992045511000EBAC32 /* Sources */ = {
			isa = PBXSourcesBuildPhase;
			buildActionMask = 2147483647;
			files = (
				9BD869A32045511000EBAC32 /* ViewController.swift in Sources */,
				9BD869D320455E1F00EBAC32 /* carstvcTableViewController.swift in Sources */,
				9BD869A12045511000EBAC32 /* AppDelegate.swift in Sources */,
			);
			runOnlyForDeploymentPostprocessing = 0;
		};
		9BD869AD2045511000EBAC32 /* Sources */ = {
			isa = PBXSourcesBuildPhase;
			buildActionMask = 2147483647;
			files = (
				9BD869B62045511000EBAC32 /* day6Tests.swift in Sources */,
			);
			runOnlyForDeploymentPostprocessing = 0;
		};
		9BD869B82045511000EBAC32 /* Sources */ = {
			isa = PBXSourcesBuildPhase;
			buildActionMask = 2147483647;
			files = (
				9BD869C12045511000EBAC32 /* day6UITests.swift in Sources */,
			);
			runOnlyForDeploymentPostprocessing = 0;
		};
/* End PBXSourcesBuildPhase section */

/* Begin PBXTargetDependency section */
		9BD869B32045511000EBAC32 /* PBXTargetDependency */ = {
			isa = PBXTargetDependency;
			target = 9BD8699C2045511000EBAC32 /* day6 */;
			targetProxy = 9BD869B22045511000EBAC32 /* PBXContainerItemProxy */;
		};
		9BD869BE2045511000EBAC32 /* PBXTargetDependency */ = {
			isa = PBXTargetDependency;
			target = 9BD8699C2045511000EBAC32 /* day6 */;
			targetProxy = 9BD869BD2045511000EBAC32 /* PBXContainerItemProxy */;
		};
/* End PBXTargetDependency section */

/* Begin PBXVariantGroup section */
		9BD869A42045511000EBAC32 /* Main.storyboard */ = {
			isa = PBXVariantGroup;
			children = (
				9BD869A52045511000EBAC32 /* Base */,
			);
			name = Main.storyboard;
			sourceTree = "<group>";
		};
		9BD869A92045511000EBAC32 /* LaunchScreen.storyboard */ = {
			isa = PBXVariantGroup;
			children = (
				9BD869AA2045511000EBAC32 /* Base */,
			);
			name = LaunchScreen.storyboard;
			sourceTree = "<group>";
		};
/* End PBXVariantGroup section */

/* Begin XCBuildConfiguration section */
		9BD869C32045511000EBAC32 /* Debug */ = {
			isa = XCBuildConfiguration;
			buildSettings = {
				ALWAYS_SEARCH_USER_PATHS = NO;
				CLANG_ANALYZER_NONNULL = YES;
				CLANG_ANALYZER_NUMBER_OBJECT_CONVERSION = YES_AGGRESSIVE;
				CLANG_CXX_LANGUAGE_STANDARD = "gnu++14";
				CLANG_CXX_LIBRARY = "libc++";
				CLANG_ENABLE_MODULES = YES;
				CLANG_ENABLE_OBJC_ARC = YES;
				CLANG_WARN_BLOCK_CAPTURE_AUTORELEASING = YES;
				CLANG_WARN_BOOL_CONVERSION = YES;
				CLANG_WARN_COMMA = YES;
				CLANG_WARN_CONSTANT_CONVERSION = YES;
				CLANG_WARN_DIRECT_OBJC_ISA_USAGE = YES_ERROR;
				CLANG_WARN_DOCUMENTATION_COMMENTS = YES;
				CLANG_WARN_EMPTY_BODY = YES;
				CLANG_WARN_ENUM_CONVERSION = YES;
				CLANG_WARN_INFINITE_RECURSION = YES;
				CLANG_WARN_INT_CONVERSION = YES;
				CLANG_WARN_NON_LITERAL_NULL_CONVERSION = YES;
				CLANG_WARN_OBJC_LITERAL_CONVERSION = YES;
				CLANG_WARN_OBJC_ROOT_CLASS = YES_ERROR;
				CLANG_WARN_RANGE_LOOP_ANALYSIS = YES;
				CLANG_WARN_STRICT_PROTOTYPES = YES;
				CLANG_WARN_SUSPICIOUS_MOVE = YES;
				CLANG_WARN_UNGUARDED_AVAILABILITY = YES_AGGRESSIVE;
				CLANG_WARN_UNREACHABLE_CODE = YES;
				CLANG_WARN__DUPLICATE_METHOD_MATCH = YES;
				CODE_SIGN_IDENTITY = "iPhone Developer";
				COPY_PHASE_STRIP = NO;
				DEBUG_INFORMATION_FORMAT = dwarf;
				ENABLE_STRICT_OBJC_MSGSEND = YES;
				ENABLE_TESTABILITY = YES;
				GCC_C_LANGUAGE_STANDARD = gnu11;
				GCC_DYNAMIC_NO_PIC = NO;
				GCC_NO_COMMON_BLOCKS = YES;
				GCC_OPTIMIZATION_LEVEL = 0;
				GCC_PREPROCESSOR_DEFINITIONS = (
					"DEBUG=1",
					"$(inherited)",
				);
				GCC_WARN_64_TO_32_BIT_CONVERSION = YES;
				GCC_WARN_ABOUT_RETURN_TYPE = YES_ERROR;
				GCC_WARN_UNDECLARED_SELECTOR = YES;
				GCC_WARN_UNINITIALIZED_AUTOS = YES_AGGRESSIVE;
				GCC_WARN_UNUSED_FUNCTION = YES;
				GCC_WARN_UNUSED_VARIABLE = YES;
				IPHONEOS_DEPLOYMENT_TARGET = 11.2;
				MTL_ENABLE_DEBUG_INFO = YES;
				ONLY_ACTIVE_ARCH = YES;
				SDKROOT = iphoneos;
				SWIFT_ACTIVE_COMPILATION_CONDITIONS = DEBUG;
				SWIFT_OPTIMIZATION_LEVEL = "-Onone";
			};
			name = Debug;
		};
		9BD869C42045511000EBAC32 /* Release */ = {
			isa = XCBuildConfiguration;
			buildSettings = {
				ALWAYS_SEARCH_USER_PATHS = NO;
				CLANG_ANALYZER_NONNULL = YES;
				CLANG_ANALYZER_NUMBER_OBJECT_CONVERSION = YES_AGGRESSIVE;
				CLANG_CXX_LANGUAGE_STANDARD = "gnu++14";
				CLANG_CXX_LIBRARY = "libc++";
				CLANG_ENABLE_MODULES = YES;
				CLANG_ENABLE_OBJC_ARC = YES;
				CLANG_WARN_BLOCK_CAPTURE_AUTORELEASING = YES;
				CLANG_WARN_BOOL_CONVERSION = YES;
				CLANG_WARN_COMMA = YES;
				CLANG_WARN_CONSTANT_CONVERSION = YES;
				CLANG_WARN_DIRECT_OBJC_ISA_USAGE = YES_ERROR;
				CLANG_WARN_DOCUMENTATION_COMMENTS = YES;
				CLANG_WARN_EMPTY_BODY = YES;
				CLANG_WARN_ENUM_CONVERSION = YES;
				CLANG_WARN_INFINITE_RECURSION = YES;
				CLANG_WARN_INT_CONVERSION = YES;
				CLANG_WARN_NON_LITERAL_NULL_CONVERSION = YES;
				CLANG_WARN_OBJC_LITERAL_CONVERSION = YES;
				CLANG_WARN_OBJC_ROOT_CLASS = YES_ERROR;
				CLANG_WARN_RANGE_LOOP_ANALYSIS = YES;
				CLANG_WARN_STRICT_PROTOTYPES = YES;
				CLANG_WARN_SUSPICIOUS_MOVE = YES;
				CLANG_WARN_UNGUARDED_AVAILABILITY = YES_AGGRESSIVE;
				CLANG_WARN_UNREACHABLE_CODE = YES;
				CLANG_WARN__DUPLICATE_METHOD_MATCH = YES;
				CODE_SIGN_IDENTITY = "iPhone Developer";
				COPY_PHASE_STRIP = NO;
				DEBUG_INFORMATION_FORMAT = "dwarf-with-dsym";
				ENABLE_NS_ASSERTIONS = NO;
				ENABLE_STRICT_OBJC_MSGSEND = YES;
				GCC_C_LANGUAGE_STANDARD = gnu11;
				GCC_NO_COMMON_BLOCKS = YES;
				GCC_WARN_64_TO_32_BIT_CONVERSION = YES;
				GCC_WARN_ABOUT_RETURN_TYPE = YES_ERROR;
				GCC_WARN_UNDECLARED_SELECTOR = YES;
				GCC_WARN_UNINITIALIZED_AUTOS = YES_AGGRESSIVE;
				GCC_WARN_UNUSED_FUNCTION = YES;
				GCC_WARN_UNUSED_VARIABLE = YES;
				IPHONEOS_DEPLOYMENT_TARGET = 11.2;
				MTL_ENABLE_DEBUG_INFO = NO;
				SDKROOT = iphoneos;
				SWIFT_OPTIMIZATION_LEVEL = "-Owholemodule";
				VALIDATE_PRODUCT = YES;
			};
			name = Release;
		};
		9BD869C62045511000EBAC32 /* Debug */ = {
			isa = XCBuildConfiguration;
			buildSettings = {
				ASSETCATALOG_COMPILER_APPICON_NAME = AppIcon;
				CODE_SIGN_STYLE = Automatic;
				INFOPLIST_FILE = day6/Info.plist;
				LD_RUNPATH_SEARCH_PATHS = "$(inherited) @executable_path/Frameworks";
				PRODUCT_BUNDLE_IDENTIFIER = CestarCollege.day6;
				PRODUCT_NAME = "$(TARGET_NAME)";
				SWIFT_VERSION = 4.0;
				TARGETED_DEVICE_FAMILY = "1,2";
			};
			name = Debug;
		};
		9BD869C72045511000EBAC32 /* Release */ = {
			isa = XCBuildConfiguration;
			buildSettings = {
				ASSETCATALOG_COMPILER_APPICON_NAME = AppIcon;
				CODE_SIGN_STYLE = Automatic;
				INFOPLIST_FILE = day6/Info.plist;
				LD_RUNPATH_SEARCH_PATHS = "$(inherited) @executable_path/Frameworks";
				PRODUCT_BUNDLE_IDENTIFIER = CestarCollege.day6;
				PRODUCT_NAME = "$(TARGET_NAME)";
				SWIFT_VERSION = 4.0;
				TARGETED_DEVICE_FAMILY = "1,2";
			};
			name = Release;
		};
		9BD869C92045511000EBAC32 /* Debug */ = {
			isa = XCBuildConfiguration;
			buildSettings = {
				ALWAYS_EMBED_SWIFT_STANDARD_LIBRARIES = YES;
				BUNDLE_LOADER = "$(TEST_HOST)";
				CODE_SIGN_STYLE = Automatic;
				INFOPLIST_FILE = day6Tests/Info.plist;
				LD_RUNPATH_SEARCH_PATHS = "$(inherited) @executable_path/Frameworks @loader_path/Frameworks";
				PRODUCT_BUNDLE_IDENTIFIER = CestarCollege.day6Tests;
				PRODUCT_NAME = "$(TARGET_NAME)";
				SWIFT_VERSION = 4.0;
				TARGETED_DEVICE_FAMILY = "1,2";
				TEST_HOST = "$(BUILT_PRODUCTS_DIR)/day6.app/day6";
			};
			name = Debug;
		};
		9BD869CA2045511000EBAC32 /* Release */ = {
			isa = XCBuildConfiguration;
			buildSettings = {
				ALWAYS_EMBED_SWIFT_STANDARD_LIBRARIES = YES;
				BUNDLE_LOADER = "$(TEST_HOST)";
				CODE_SIGN_STYLE = Automatic;
				INFOPLIST_FILE = day6Tests/Info.plist;
				LD_RUNPATH_SEARCH_PATHS = "$(inherited) @executable_path/Frameworks @loader_path/Frameworks";
				PRODUCT_BUNDLE_IDENTIFIER = CestarCollege.day6Tests;
				PRODUCT_NAME = "$(TARGET_NAME)";
				SWIFT_VERSION = 4.0;
				TARGETED_DEVICE_FAMILY = "1,2";
				TEST_HOST = "$(BUILT_PRODUCTS_DIR)/day6.app/day6";
			};
			name = Release;
		};
		9BD869CC2045511000EBAC32 /* Debug */ = {
			isa = XCBuildConfiguration;
			buildSettings = {
				ALWAYS_EMBED_SWIFT_STANDARD_LIBRARIES = YES;
				CODE_SIGN_STYLE = Automatic;
				INFOPLIST_FILE = day6UITests/Info.plist;
				LD_RUNPATH_SEARCH_PATHS = "$(inherited) @executable_path/Frameworks @loader_path/Frameworks";
				PRODUCT_BUNDLE_IDENTIFIER = CestarCollege.day6UITests;
				PRODUCT_NAME = "$(TARGET_NAME)";
				SWIFT_VERSION = 4.0;
				TARGETED_DEVICE_FAMILY = "1,2";
				TEST_TARGET_NAME = day6;
			};
			name = Debug;
		};
		9BD869CD2045511000EBAC32 /* Release */ = {
			isa = XCBuildConfiguration;
			buildSettings = {
				ALWAYS_EMBED_SWIFT_STANDARD_LIBRARIES = YES;
				CODE_SIGN_STYLE = Automatic;
				INFOPLIST_FILE = day6UITests/Info.plist;
				LD_RUNPATH_SEARCH_PATHS = "$(inherited) @executable_path/Frameworks @loader_path/Frameworks";
				PRODUCT_BUNDLE_IDENTIFIER = CestarCollege.day6UITests;
				PRODUCT_NAME = "$(TARGET_NAME)";
				SWIFT_VERSION = 4.0;
				TARGETED_DEVICE_FAMILY = "1,2";
				TEST_TARGET_NAME = day6;
			};
			name = Release;
		};
/* End XCBuildConfiguration section */

/* Begin XCConfigurationList section */
		9BD869982045511000EBAC32 /* Build configuration list for PBXProject "day6" */ = {
			isa = XCConfigurationList;
			buildConfigurations = (
				9BD869C32045511000EBAC32 /* Debug */,
				9BD869C42045511000EBAC32 /* Release */,
			);
			defaultConfigurationIsVisible = 0;
			defaultConfigurationName = Release;
		};
		9BD869C52045511000EBAC32 /* Build configuration list for PBXNativeTarget "day6" */ = {
			isa = XCConfigurationList;
			buildConfigurations = (
				9BD869C62045511000EBAC32 /* Debug */,
				9BD869C72045511000EBAC32 /* Release */,
			);
			defaultConfigurationIsVisible = 0;
			defaultConfigurationName = Release;
		};
		9BD869C82045511000EBAC32 /* Build configuration list for PBXNativeTarget "day6Tests" */ = {
			isa = XCConfigurationList;
			buildConfigurations = (
				9BD869C92045511000EBAC32 /* Debug */,
				9BD869CA2045511000EBAC32 /* Release */,
			);
			defaultConfigurationIsVisible = 0;
			defaultConfigurationName = Release;
		};
		9BD869CB2045511000EBAC32 /* Build configuration list for PBXNativeTarget "day6UITests" */ = {
			isa = XCConfigurationList;
			buildConfigurations = (
				9BD869CC2045511000EBAC32 /* Debug */,
				9BD869CD2045511000EBAC32 /* Release */,
			);
			defaultConfigurationIsVisible = 0;
			defaultConfigurationName = Release;
		};
/* End XCConfigurationList section */
	};
	rootObject = 9BD869952045511000EBAC32 /* Project object */;
}
